
Microsoft Visual Studio Solution File, Format Version 12.00
# Visual Studio Version 16
VisualStudioVersion = 16.0.30114.105
MinimumVisualStudioVersion = 10.0.40219.1
Project("{FAE04EC0-301F-11D3-BF4B-00C04F79EFBC}") = "SuspiciousPersonCallout", "SuspiciousPersonCallout.csproj", "{24B727E4-697A-462C-B7AB-D38C6E4C5B67}"
EndProject
Global
	GlobalSection(SolutionConfigurationPlatforms) = preSolution
		Debug|Any CPU = Debug|Any CPU
		Release|Any CPU = Release|Any CPU
	EndGlobalSection
	GlobalSection(ProjectConfigurationPlatforms) = postSolution
		{24B727E4-697A-462C-B7AB-D38C6E4C5B67}.Debug|Any CPU.ActiveCfg = Debug|Any CPU
		{24B727E4-697A-462C-B7AB-D38C6E4C5B67}.Debug|Any CPU.Build.0 = Debug|Any CPU
		{24B727E4-697A-462C-B7AB-D38C6E4C5B67}.Release|Any CPU.ActiveCfg = Release|Any CPU
		{24B727E4-697A-462C-B7AB-D38C6E4C5B67}.Release|Any CPU.Build.0 = Release|Any CPU
	EndGlobalSection
	GlobalSection(SolutionProperties) = preSolution
		HideSolutionNode = FALSE
	EndGlobalSection
	GlobalSection(ExtensibilityGlobals) = postSolution
		SolutionGuid = {F44C4039-96E2-44CA-AA11-1506E42C4500}
	EndGlobalSection
EndGlobal
